<?xml version="1.0" encoding="UTF-8" standalone="yes" ?>
<CodeBlocks_project_file>
	<FileVersion major="1" minor="6" />
	<Project>
		<Option title="gameMMR" />
		<Option pch_mode="2" />
		<Option compiler="gcc" />
		<Build>
			<Target title="Debug">
				<Option output="bin/Debug/gameMMR" prefix_auto="1" extension_auto="1" />
				<Option object_output="obj/Debug/" />
				<Option type="1" />
				<Option compiler="gcc" />
				<Compiler>
					<Add option="-g" />
				</Compiler>
			</Target>
			<Target title="Release">
				<Option output="bin/Release/gameMMR" prefix_auto="1" extension_auto="1" />
				<Option object_output="obj/Release/" />
				<Option type="1" />
				<Option compiler="gcc" />
				<Compiler>
					<Add option="-O2" />
				</Compiler>
				<Linker>
					<Add option="-s" />
				</Linker>
			</Target>
		</Build>
		<Compiler>
			<Add option="-Wall" />
			<Add option="-std=c++11" />
			<Add directory="../../mingw_dev_lib Image/include/SDL2" />
			<Add directory="../../mingw_dev_lib TTF/include/SDL2" />
			<Add directory="../gameMMR" />
		</Compiler>
		<Linker>
			<Add option="-lmingw32 -lSDL2main -lSDL2 -lSDL2_image -lSDL2_ttf" />
			<Add directory="../../mingw_dev_lib Image/lib" />
			<Add directory="../../mingw_dev_lib TTF/lib" />
		</Linker>
		<Unit filename="commonFunc.cpp" />
		<Unit filename="commonFunc.h" />
		<Unit filename="imageObject.cpp" />
		<Unit filename="imageObject.h" />
		<Unit filename="mainGame.cpp" />
		<Unit filename="textObject.cpp" />
		<Unit filename="textObject.h" />
		<Extensions>
			<code_completion />
			<envvars />
			<debugger />
			<lib_finder disable_auto="1" />
		</Extensions>
	</Project>
</CodeBlocks_project_file>
